{
  "version": 4,
  "terraform_version": "1.6.6",
  "serial": 61,
  "lineage": "127e3f82-766c-15b7-63ea-6283634dec11",
  "outputs": {
    "cluster_certificate_authority_data": {
      "value": "LS0tLS1CRUdJTiBDRVJUSUZJQ0FURS0tLS0tCk1JSURCVENDQWUyZ0F3SUJBZ0lJRFpNSVMvOGlxSHd3RFFZSktvWklodmNOQVFFTEJRQXdGVEVUTUJFR0ExVUUKQXhNS2EzVmlaWEp1WlhSbGN6QWVGdzB5TlRFeE1UTXhORFV3TVRaYUZ3MHpOVEV4TVRFeE5EVTFNVFphTUJVeApFekFSQmdOVkJBTVRDbXQxWW1WeWJtVjBaWE13Z2dFaU1BMEdDU3FHU0liM0RRRUJBUVVBQTRJQkR3QXdnZ0VLCkFvSUJBUURmQ1phQTBzM3Qwb0YybWFKWE1RTHB5NUkzZDlXbzFWU25NMm5zTlhpazVSMU1VVU8xWHV5ZXA2RjMKOXZKR1FVcTcvd0ZVYVFYYy96MnNTQS9IOWh5VnNwL0tzSlJ4TDBPMjFUYlhpLzIxaHBBT05KdlRGK3M3ZlhPMQpCbC9DdE5ZWDVtcXdYRFRrcklxdkZ2ZkZkSG5BU2NmSmpXUDgyOVV1ZUw2bVk5bDRzVXdxMDE1dlRudkdFbnk5CmczM1U1OTR5cnBCL1VCMk51VnBiRTc2WE5TU2hNQmhnSnBrL3R3dU9JZ2gzRXRRSWFjVDg2L0p5QWVOZjJ4MWYKK3hXVDUyblB0R0RsSDlpYno0V1hBcWliYTM4c0FpTi9rYjV4SnIrK2hvTG1wSElLMDdEU3YrQUJud3kyS2NFOQptS1dPUU9rU0lFdXR2YzFiV25sUnZQSDhvOXB6QWdNQkFBR2pXVEJYTUE0R0ExVWREd0VCL3dRRUF3SUNwREFQCkJnTlZIUk1CQWY4RUJUQURBUUgvTUIwR0ExVWREZ1FXQkJTUTZDUm5TZkZDekxRZU03ZHpoOHJwQ2NlM25qQVYKQmdOVkhSRUVEakFNZ2dwcmRXSmxjbTVsZEdWek1BMEdDU3FHU0liM0RRRUJDd1VBQTRJQkFRQmlFTGh6dUNmaQpaTGhhOU9nMUF6SEJvRFBsNlc5ekk1YnlsemRoYk1yMjVlWXJoOGdvemlUNDFRVmtyY0poL0t1TWV1cFc5L3BrCnA3cFl6ODF1TmxmV01yblNDRVRhNy9TamZCOWtMTHN3SksyWjZqcnRWL29YRHNtNGpMTDVFN0g2aXdtanhGRHQKMzMzc3ZtNmlDcUc5dFpRYjBTRXovZjNlNklYYncrampwcURTOGRtQUFNRmRVSEpKZHBZRHB0ZFFvODBoSUNWQwpBalVxNnd2b29xUFpMR0VOTnpWS1FzSjBxbzdLcS8xaldDclZIRy92bmFXM3p2Yml5LzlPMjhYa2ZONzI0eFFMCkNmcnBtMnZUdjRSNSt0NGNWWndaWjF5clMvQ245SXExWEppcVRCMjRNeStnOTNHaWZwaEUzUlN4SExsWWNYRTIKb1FuakhuUE1kM2Z1Ci0tLS0tRU5EIENFUlRJRklDQVRFLS0tLS0K",
      "type": "string",
      "sensitive": true
    },
    "cluster_endpoint": {
      "value": "https://B8F91341A342C05B43B8A8834C3EF696.gr7.us-east-1.eks.amazonaws.com",
      "type": "string"
    },
    "cluster_name": {
      "value": "neural-hive-dev",
      "type": "string"
    },
    "cluster_oidc_issuer_url": {
      "value": "https://oidc.eks.us-east-1.amazonaws.com/id/B8F91341A342C05B43B8A8834C3EF696",
      "type": "string"
    },
    "cluster_security_group_id": {
      "value": "sg-0547df8c4041ddb61",
      "type": "string"
    },
    "ecr_repository_urls": {
      "value": {
        "consensus-engine": "077878370245.dkr.ecr.us-east-1.amazonaws.com/dev/consensus-engine",
        "gateway-intencoes": "077878370245.dkr.ecr.us-east-1.amazonaws.com/dev/gateway-intencoes",
        "memory-layer-api": "077878370245.dkr.ecr.us-east-1.amazonaws.com/dev/memory-layer-api",
        "semantic-translation-engine": "077878370245.dkr.ecr.us-east-1.amazonaws.com/dev/semantic-translation-engine",
        "specialist-architecture": "077878370245.dkr.ecr.us-east-1.amazonaws.com/dev/specialist-architecture",
        "specialist-behavior": "077878370245.dkr.ecr.us-east-1.amazonaws.com/dev/specialist-behavior",
        "specialist-business": "077878370245.dkr.ecr.us-east-1.amazonaws.com/dev/specialist-business",
        "specialist-evolution": "077878370245.dkr.ecr.us-east-1.amazonaws.com/dev/specialist-evolution",
        "specialist-technical": "077878370245.dkr.ecr.us-east-1.amazonaws.com/dev/specialist-technical"
      },
      "type": [
        "object",
        {
          "consensus-engine": "string",
          "gateway-intencoes": "string",
          "memory-layer-api": "string",
          "semantic-translation-engine": "string",
          "specialist-architecture": "string",
          "specialist-behavior": "string",
          "specialist-business": "string",
          "specialist-evolution": "string",
          "specialist-technical": "string"
        }
      ]
    },
    "node_group_id": {
      "value": "neural-hive-dev:neural-hive-dev-node-group",
      "type": "string"
    },
    "node_group_status": {
      "value": "ACTIVE",
      "type": "string"
    },
    "private_subnet_ids": {
      "value": [
        "subnet-0003624587ea5a5a3",
        "subnet-0cc25a70ae288330f",
        "subnet-0d53d8ad36e2aa3fc"
      ],
      "type": [
        "tuple",
        [
          "string",
          "string",
          "string"
        ]
      ]
    },
    "public_subnet_ids": {
      "value": [
        "subnet-0a115911acb8235d3",
        "subnet-0468075e9e502840f",
        "subnet-07273bfdac2e6c790"
      ],
      "type": [
        "tuple",
        [
          "string",
          "string",
          "string"
        ]
      ]
    },
    "vpc_id": {
      "value": "vpc-0ed790c76ad3bccb0",
      "type": "string"
    }
  },
  "resources": [
    {
      "mode": "data",
      "type": "aws_availability_zones",
      "name": "available",
      "provider": "provider[\"registry.terraform.io/hashicorp/aws\"]",
      "instances": [
        {
          "schema_version": 0,
          "attributes": {
            "all_availability_zones": null,
            "exclude_names": null,
            "exclude_zone_ids": null,
            "filter": null,
            "group_names": [
              "us-east-1-zg-1"
            ],
            "id": "us-east-1",
            "names": [
              "us-east-1a",
              "us-east-1b",
              "us-east-1c",
              "us-east-1d",
              "us-east-1e",
              "us-east-1f"
            ],
            "state": "available",
            "timeouts": null,
            "zone_ids": [
              "use1-az1",
              "use1-az2",
              "use1-az4",
              "use1-az6",
              "use1-az3",
              "use1-az5"
            ]
          },
          "sensitive_attributes": []
        }
      ]
    },
    {
      "mode": "managed",
      "type": "aws_ecr_lifecycle_policy",
      "name": "repos",
      "provider": "provider[\"registry.terraform.io/hashicorp/aws\"]",
      "instances": [
        {
          "index_key": "consensus-engine",
          "schema_version": 0,
          "attributes": {
            "id": "dev/consensus-engine",
            "policy": "{\"rules\":[{\"action\":{\"type\":\"expire\"},\"description\":\"Keep last 10 images\",\"rulePriority\":1,\"selection\":{\"countNumber\":10,\"countType\":\"imageCountMoreThan\",\"tagStatus\":\"any\"}}]}",
            "registry_id": "077878370245",
            "repository": "dev/consensus-engine"
          },
          "sensitive_attributes": [],
          "private": "bnVsbA==",
          "dependencies": [
            "aws_ecr_repository.repos"
          ]
        },
        {
          "index_key": "gateway-intencoes",
          "schema_version": 0,
          "attributes": {
            "id": "dev/gateway-intencoes",
            "policy": "{\"rules\":[{\"action\":{\"type\":\"expire\"},\"description\":\"Keep last 10 images\",\"rulePriority\":1,\"selection\":{\"countNumber\":10,\"countType\":\"imageCountMoreThan\",\"tagStatus\":\"any\"}}]}",
            "registry_id": "077878370245",
            "repository": "dev/gateway-intencoes"
          },
          "sensitive_attributes": [],
          "private": "bnVsbA==",
          "dependencies": [
            "aws_ecr_repository.repos"
          ]
        },
        {
          "index_key": "memory-layer-api",
          "schema_version": 0,
          "attributes": {
            "id": "dev/memory-layer-api",
            "policy": "{\"rules\":[{\"action\":{\"type\":\"expire\"},\"description\":\"Keep last 10 images\",\"rulePriority\":1,\"selection\":{\"countNumber\":10,\"countType\":\"imageCountMoreThan\",\"tagStatus\":\"any\"}}]}",
            "registry_id": "077878370245",
            "repository": "dev/memory-layer-api"
          },
          "sensitive_attributes": [],
          "private": "bnVsbA==",
          "dependencies": [
            "aws_ecr_repository.repos"
          ]
        },
        {
          "index_key": "semantic-translation-engine",
          "schema_version": 0,
          "attributes": {
            "id": "dev/semantic-translation-engine",
            "policy": "{\"rules\":[{\"action\":{\"type\":\"expire\"},\"description\":\"Keep last 10 images\",\"rulePriority\":1,\"selection\":{\"countNumber\":10,\"countType\":\"imageCountMoreThan\",\"tagStatus\":\"any\"}}]}",
            "registry_id": "077878370245",
            "repository": "dev/semantic-translation-engine"
          },
          "sensitive_attributes": [],
          "private": "bnVsbA==",
          "dependencies": [
            "aws_ecr_repository.repos"
          ]
        },
        {
          "index_key": "specialist-architecture",
          "schema_version": 0,
          "attributes": {
            "id": "dev/specialist-architecture",
            "policy": "{\"rules\":[{\"action\":{\"type\":\"expire\"},\"description\":\"Keep last 10 images\",\"rulePriority\":1,\"selection\":{\"countNumber\":10,\"countType\":\"imageCountMoreThan\",\"tagStatus\":\"any\"}}]}",
            "registry_id": "077878370245",
            "repository": "dev/specialist-architecture"
          },
          "sensitive_attributes": [],
          "private": "bnVsbA==",
          "dependencies": [
            "aws_ecr_repository.repos"
          ]
        },
        {
          "index_key": "specialist-behavior",
          "schema_version": 0,
          "attributes": {
            "id": "dev/specialist-behavior",
            "policy": "{\"rules\":[{\"action\":{\"type\":\"expire\"},\"description\":\"Keep last 10 images\",\"rulePriority\":1,\"selection\":{\"countNumber\":10,\"countType\":\"imageCountMoreThan\",\"tagStatus\":\"any\"}}]}",
            "registry_id": "077878370245",
            "repository": "dev/specialist-behavior"
          },
          "sensitive_attributes": [],
          "private": "bnVsbA==",
          "dependencies": [
            "aws_ecr_repository.repos"
          ]
        },
        {
          "index_key": "specialist-business",
          "schema_version": 0,
          "attributes": {
            "id": "dev/specialist-business",
            "policy": "{\"rules\":[{\"action\":{\"type\":\"expire\"},\"description\":\"Keep last 10 images\",\"rulePriority\":1,\"selection\":{\"countNumber\":10,\"countType\":\"imageCountMoreThan\",\"tagStatus\":\"any\"}}]}",
            "registry_id": "077878370245",
            "repository": "dev/specialist-business"
          },
          "sensitive_attributes": [],
          "private": "bnVsbA==",
          "dependencies": [
            "aws_ecr_repository.repos"
          ]
        },
        {
          "index_key": "specialist-evolution",
          "schema_version": 0,
          "attributes": {
            "id": "dev/specialist-evolution",
            "policy": "{\"rules\":[{\"action\":{\"type\":\"expire\"},\"description\":\"Keep last 10 images\",\"rulePriority\":1,\"selection\":{\"countNumber\":10,\"countType\":\"imageCountMoreThan\",\"tagStatus\":\"any\"}}]}",
            "registry_id": "077878370245",
            "repository": "dev/specialist-evolution"
          },
          "sensitive_attributes": [],
          "private": "bnVsbA==",
          "dependencies": [
            "aws_ecr_repository.repos"
          ]
        },
        {
          "index_key": "specialist-technical",
          "schema_version": 0,
          "attributes": {
            "id": "dev/specialist-technical",
            "policy": "{\"rules\":[{\"action\":{\"type\":\"expire\"},\"description\":\"Keep last 10 images\",\"rulePriority\":1,\"selection\":{\"countNumber\":10,\"countType\":\"imageCountMoreThan\",\"tagStatus\":\"any\"}}]}",
            "registry_id": "077878370245",
            "repository": "dev/specialist-technical"
          },
          "sensitive_attributes": [],
          "private": "bnVsbA==",
          "dependencies": [
            "aws_ecr_repository.repos"
          ]
        }
      ]
    },
    {
      "mode": "managed",
      "type": "aws_ecr_repository",
      "name": "repos",
      "provider": "provider[\"registry.terraform.io/hashicorp/aws\"]",
      "instances": [
        {
          "index_key": "consensus-engine",
          "schema_version": 0,
          "attributes": {
            "arn": "arn:aws:ecr:us-east-1:077878370245:repository/dev/consensus-engine",
            "encryption_configuration": [
              {
                "encryption_type": "AES256",
                "kms_key": ""
              }
            ],
            "force_delete": null,
            "id": "dev/consensus-engine",
            "image_scanning_configuration": [
              {
                "scan_on_push": true
              }
            ],
            "image_tag_mutability": "MUTABLE",
            "name": "dev/consensus-engine",
            "registry_id": "077878370245",
            "repository_url": "077878370245.dkr.ecr.us-east-1.amazonaws.com/dev/consensus-engine",
            "tags": {
              "Name": "consensus-engine"
            },
            "tags_all": {
              "Environment": "dev",
              "ManagedBy": "terraform",
              "Name": "consensus-engine",
              "Project": "neural-hive-mind"
            },
            "timeouts": null
          },
          "sensitive_attributes": [],
          "private": "eyJlMmJmYjczMC1lY2FhLTExZTYtOGY4OC0zNDM2M2JjN2M0YzAiOnsiZGVsZXRlIjoxMjAwMDAwMDAwMDAwfX0="
        },
        {
          "index_key": "gateway-intencoes",
          "schema_version": 0,
          "attributes": {
            "arn": "arn:aws:ecr:us-east-1:077878370245:repository/dev/gateway-intencoes",
            "encryption_configuration": [
              {
                "encryption_type": "AES256",
                "kms_key": ""
              }
            ],
            "force_delete": null,
            "id": "dev/gateway-intencoes",
            "image_scanning_configuration": [
              {
                "scan_on_push": true
              }
            ],
            "image_tag_mutability": "MUTABLE",
            "name": "dev/gateway-intencoes",
            "registry_id": "077878370245",
            "repository_url": "077878370245.dkr.ecr.us-east-1.amazonaws.com/dev/gateway-intencoes",
            "tags": {
              "Name": "gateway-intencoes"
            },
            "tags_all": {
              "Environment": "dev",
              "ManagedBy": "terraform",
              "Name": "gateway-intencoes",
              "Project": "neural-hive-mind"
            },
            "timeouts": null
          },
          "sensitive_attributes": [],
          "private": "eyJlMmJmYjczMC1lY2FhLTExZTYtOGY4OC0zNDM2M2JjN2M0YzAiOnsiZGVsZXRlIjoxMjAwMDAwMDAwMDAwfX0="
        },
        {
          "index_key": "memory-layer-api",
          "schema_version": 0,
          "attributes": {
            "arn": "arn:aws:ecr:us-east-1:077878370245:repository/dev/memory-layer-api",
            "encryption_configuration": [
              {
                "encryption_type": "AES256",
                "kms_key": ""
              }
            ],
            "force_delete": null,
            "id": "dev/memory-layer-api",
            "image_scanning_configuration": [
              {
                "scan_on_push": true
              }
            ],
            "image_tag_mutability": "MUTABLE",
            "name": "dev/memory-layer-api",
            "registry_id": "077878370245",
            "repository_url": "077878370245.dkr.ecr.us-east-1.amazonaws.com/dev/memory-layer-api",
            "tags": {
              "Name": "memory-layer-api"
            },
            "tags_all": {
              "Environment": "dev",
              "ManagedBy": "terraform",
              "Name": "memory-layer-api",
              "Project": "neural-hive-mind"
            },
            "timeouts": null
          },
          "sensitive_attributes": [],
          "private": "eyJlMmJmYjczMC1lY2FhLTExZTYtOGY4OC0zNDM2M2JjN2M0YzAiOnsiZGVsZXRlIjoxMjAwMDAwMDAwMDAwfX0="
        },
        {
          "index_key": "semantic-translation-engine",
          "schema_version": 0,
          "attributes": {
            "arn": "arn:aws:ecr:us-east-1:077878370245:repository/dev/semantic-translation-engine",
            "encryption_configuration": [
              {
                "encryption_type": "AES256",
                "kms_key": ""
              }
            ],
            "force_delete": null,
            "id": "dev/semantic-translation-engine",
            "image_scanning_configuration": [
              {
                "scan_on_push": true
              }
            ],
            "image_tag_mutability": "MUTABLE",
            "name": "dev/semantic-translation-engine",
            "registry_id": "077878370245",
            "repository_url": "077878370245.dkr.ecr.us-east-1.amazonaws.com/dev/semantic-translation-engine",
            "tags": {
              "Name": "semantic-translation-engine"
            },
            "tags_all": {
              "Environment": "dev",
              "ManagedBy": "terraform",
              "Name": "semantic-translation-engine",
              "Project": "neural-hive-mind"
            },
            "timeouts": null
          },
          "sensitive_attributes": [],
          "private": "eyJlMmJmYjczMC1lY2FhLTExZTYtOGY4OC0zNDM2M2JjN2M0YzAiOnsiZGVsZXRlIjoxMjAwMDAwMDAwMDAwfX0="
        },
        {
          "index_key": "specialist-architecture",
          "schema_version": 0,
          "attributes": {
            "arn": "arn:aws:ecr:us-east-1:077878370245:repository/dev/specialist-architecture",
            "encryption_configuration": [
              {
                "encryption_type": "AES256",
                "kms_key": ""
              }
            ],
            "force_delete": null,
            "id": "dev/specialist-architecture",
            "image_scanning_configuration": [
              {
                "scan_on_push": true
              }
            ],
            "image_tag_mutability": "MUTABLE",
            "name": "dev/specialist-architecture",
            "registry_id": "077878370245",
            "repository_url": "077878370245.dkr.ecr.us-east-1.amazonaws.com/dev/specialist-architecture",
            "tags": {
              "Name": "specialist-architecture"
            },
            "tags_all": {
              "Environment": "dev",
              "ManagedBy": "terraform",
              "Name": "specialist-architecture",
              "Project": "neural-hive-mind"
            },
            "timeouts": null
          },
          "sensitive_attributes": [],
          "private": "eyJlMmJmYjczMC1lY2FhLTExZTYtOGY4OC0zNDM2M2JjN2M0YzAiOnsiZGVsZXRlIjoxMjAwMDAwMDAwMDAwfX0="
        },
        {
          "index_key": "specialist-behavior",
          "schema_version": 0,
          "attributes": {
            "arn": "arn:aws:ecr:us-east-1:077878370245:repository/dev/specialist-behavior",
            "encryption_configuration": [
              {
                "encryption_type": "AES256",
                "kms_key": ""
              }
            ],
            "force_delete": null,
            "id": "dev/specialist-behavior",
            "image_scanning_configuration": [
              {
                "scan_on_push": true
              }
            ],
            "image_tag_mutability": "MUTABLE",
            "name": "dev/specialist-behavior",
            "registry_id": "077878370245",
            "repository_url": "077878370245.dkr.ecr.us-east-1.amazonaws.com/dev/specialist-behavior",
            "tags": {
              "Name": "specialist-behavior"
            },
            "tags_all": {
              "Environment": "dev",
              "ManagedBy": "terraform",
              "Name": "specialist-behavior",
              "Project": "neural-hive-mind"
            },
            "timeouts": null
          },
          "sensitive_attributes": [],
          "private": "eyJlMmJmYjczMC1lY2FhLTExZTYtOGY4OC0zNDM2M2JjN2M0YzAiOnsiZGVsZXRlIjoxMjAwMDAwMDAwMDAwfX0="
        },
        {
          "index_key": "specialist-business",
          "schema_version": 0,
          "attributes": {
            "arn": "arn:aws:ecr:us-east-1:077878370245:repository/dev/specialist-business",
            "encryption_configuration": [
              {
                "encryption_type": "AES256",
                "kms_key": ""
              }
            ],
            "force_delete": null,
            "id": "dev/specialist-business",
            "image_scanning_configuration": [
              {
                "scan_on_push": true
              }
            ],
            "image_tag_mutability": "MUTABLE",
            "name": "dev/specialist-business",
            "registry_id": "077878370245",
            "repository_url": "077878370245.dkr.ecr.us-east-1.amazonaws.com/dev/specialist-business",
            "tags": {
              "Name": "specialist-business"
            },
            "tags_all": {
              "Environment": "dev",
              "ManagedBy": "terraform",
              "Name": "specialist-business",
              "Project": "neural-hive-mind"
            },
            "timeouts": null
          },
          "sensitive_attributes": [],
          "private": "eyJlMmJmYjczMC1lY2FhLTExZTYtOGY4OC0zNDM2M2JjN2M0YzAiOnsiZGVsZXRlIjoxMjAwMDAwMDAwMDAwfX0="
        },
        {
          "index_key": "specialist-evolution",
          "schema_version": 0,
          "attributes": {
            "arn": "arn:aws:ecr:us-east-1:077878370245:repository/dev/specialist-evolution",
            "encryption_configuration": [
              {
                "encryption_type": "AES256",
                "kms_key": ""
              }
            ],
            "force_delete": null,
            "id": "dev/specialist-evolution",
            "image_scanning_configuration": [
              {
                "scan_on_push": true
              }
            ],
            "image_tag_mutability": "MUTABLE",
            "name": "dev/specialist-evolution",
            "registry_id": "077878370245",
            "repository_url": "077878370245.dkr.ecr.us-east-1.amazonaws.com/dev/specialist-evolution",
            "tags": {
              "Name": "specialist-evolution"
            },
            "tags_all": {
              "Environment": "dev",
              "ManagedBy": "terraform",
              "Name": "specialist-evolution",
              "Project": "neural-hive-mind"
            },
            "timeouts": null
          },
          "sensitive_attributes": [],
          "private": "eyJlMmJmYjczMC1lY2FhLTExZTYtOGY4OC0zNDM2M2JjN2M0YzAiOnsiZGVsZXRlIjoxMjAwMDAwMDAwMDAwfX0="
        },
        {
          "index_key": "specialist-technical",
          "schema_version": 0,
          "attributes": {
            "arn": "arn:aws:ecr:us-east-1:077878370245:repository/dev/specialist-technical",
            "encryption_configuration": [
              {
                "encryption_type": "AES256",
                "kms_key": ""
              }
            ],
            "force_delete": null,
            "id": "dev/specialist-technical",
            "image_scanning_configuration": [
              {
                "scan_on_push": true
              }
            ],
            "image_tag_mutability": "MUTABLE",
            "name": "dev/specialist-technical",
            "registry_id": "077878370245",
            "repository_url": "077878370245.dkr.ecr.us-east-1.amazonaws.com/dev/specialist-technical",
            "tags": {
              "Name": "specialist-technical"
            },
            "tags_all": {
              "Environment": "dev",
              "ManagedBy": "terraform",
              "Name": "specialist-technical",
              "Project": "neural-hive-mind"
            },
            "timeouts": null
          },
          "sensitive_attributes": [],
          "private": "eyJlMmJmYjczMC1lY2FhLTExZTYtOGY4OC0zNDM2M2JjN2M0YzAiOnsiZGVsZXRlIjoxMjAwMDAwMDAwMDAwfX0="
        }
      ]
    },
    {
      "mode": "managed",
      "type": "aws_eip",
      "name": "nat",
      "provider": "provider[\"registry.terraform.io/hashicorp/aws\"]",
      "instances": [
        {
          "index_key": 0,
          "schema_version": 0,
          "attributes": {
            "address": null,
            "allocation_id": "eipalloc-0dd793e47a750e913",
            "arn": "arn:aws:ec2:us-east-1:077878370245:elastic-ip/eipalloc-0dd793e47a750e913",
            "associate_with_private_ip": null,
            "association_id": "eipassoc-05c4ce8128e164d98",
            "carrier_ip": "",
            "customer_owned_ip": "",
            "customer_owned_ipv4_pool": "",
            "domain": "vpc",
            "id": "eipalloc-0dd793e47a750e913",
            "instance": "",
            "ipam_pool_id": null,
            "network_border_group": "us-east-1",
            "network_interface": "eni-07d1b41971c5a7050",
            "private_dns": "ip-10-0-0-122.ec2.internal",
            "private_ip": "10.0.0.122",
            "ptr_record": "",
            "public_dns": "ec2-98-95-247-93.compute-1.amazonaws.com",
            "public_ip": "98.95.247.93",
            "public_ipv4_pool": "amazon",
            "tags": {
              "Name": "neural-hive-dev-nat-eip-1"
            },
            "tags_all": {
              "Environment": "dev",
              "ManagedBy": "terraform",
              "Name": "neural-hive-dev-nat-eip-1",
              "Project": "neural-hive-mind"
            },
            "timeouts": null,
            "vpc": true
          },
          "sensitive_attributes": [],
          "private": "eyJlMmJmYjczMC1lY2FhLTExZTYtOGY4OC0zNDM2M2JjN2M0YzAiOnsiZGVsZXRlIjoxODAwMDAwMDAwMDAsInJlYWQiOjkwMDAwMDAwMDAwMCwidXBkYXRlIjozMDAwMDAwMDAwMDB9fQ==",
          "dependencies": [
            "aws_internet_gateway.main",
            "aws_vpc.main"
          ]
        },
        {
          "index_key": 1,
          "schema_version": 0,
          "attributes": {
            "address": null,
            "allocation_id": "eipalloc-0ce6920fe5f3116c1",
            "arn": "arn:aws:ec2:us-east-1:077878370245:elastic-ip/eipalloc-0ce6920fe5f3116c1",
            "associate_with_private_ip": null,
            "association_id": "eipassoc-052ab224bb9d5434f",
            "carrier_ip": "",
            "customer_owned_ip": "",
            "customer_owned_ipv4_pool": "",
            "domain": "vpc",
            "id": "eipalloc-0ce6920fe5f3116c1",
            "instance": "",
            "ipam_pool_id": null,
            "network_border_group": "us-east-1",
            "network_interface": "eni-04d985ec66fdc2f2a",
            "private_dns": "ip-10-0-1-107.ec2.internal",
            "private_ip": "10.0.1.107",
            "ptr_record": "",
            "public_dns": "ec2-98-95-114-237.compute-1.amazonaws.com",
            "public_ip": "98.95.114.237",
            "public_ipv4_pool": "amazon",
            "tags": {
              "Name": "neural-hive-dev-nat-eip-2"
            },
            "tags_all": {
              "Environment": "dev",
              "ManagedBy": "terraform",
              "Name": "neural-hive-dev-nat-eip-2",
              "Project": "neural-hive-mind"
            },
            "timeouts": null,
            "vpc": true
          },
          "sensitive_attributes": [],
          "private": "eyJlMmJmYjczMC1lY2FhLTExZTYtOGY4OC0zNDM2M2JjN2M0YzAiOnsiZGVsZXRlIjoxODAwMDAwMDAwMDAsInJlYWQiOjkwMDAwMDAwMDAwMCwidXBkYXRlIjozMDAwMDAwMDAwMDB9fQ==",
          "dependencies": [
            "aws_internet_gateway.main",
            "aws_vpc.main"
          ]
        },
        {
          "index_key": 2,
          "schema_version": 0,
          "attributes": {
            "address": null,
            "allocation_id": "eipalloc-012891b90b74ffb0c",
            "arn": "arn:aws:ec2:us-east-1:077878370245:elastic-ip/eipalloc-012891b90b74ffb0c",
            "associate_with_private_ip": null,
            "association_id": "eipassoc-0d4f1a8801ee33458",
            "carrier_ip": "",
            "customer_owned_ip": "",
            "customer_owned_ipv4_pool": "",
            "domain": "vpc",
            "id": "eipalloc-012891b90b74ffb0c",
            "instance": "",
            "ipam_pool_id": null,
            "network_border_group": "us-east-1",
            "network_interface": "eni-034e853ca105519f2",
            "private_dns": "ip-10-0-2-217.ec2.internal",
            "private_ip": "10.0.2.217",
            "ptr_record": "",
            "public_dns": "ec2-98-84-204-145.compute-1.amazonaws.com",
            "public_ip": "98.84.204.145",
            "public_ipv4_pool": "amazon",
            "tags": {
              "Name": "neural-hive-dev-nat-eip-3"
            },
            "tags_all": {
              "Environment": "dev",
              "ManagedBy": "terraform",
              "Name": "neural-hive-dev-nat-eip-3",
              "Project": "neural-hive-mind"
            },
            "timeouts": null,
            "vpc": true
          },
          "sensitive_attributes": [],
          "private": "eyJlMmJmYjczMC1lY2FhLTExZTYtOGY4OC0zNDM2M2JjN2M0YzAiOnsiZGVsZXRlIjoxODAwMDAwMDAwMDAsInJlYWQiOjkwMDAwMDAwMDAwMCwidXBkYXRlIjozMDAwMDAwMDAwMDB9fQ==",
          "dependencies": [
            "aws_internet_gateway.main",
            "aws_vpc.main"
          ]
        }
      ]
    },
    {
      "mode": "managed",
      "type": "aws_eks_cluster",
      "name": "main",
      "provider": "provider[\"registry.terraform.io/hashicorp/aws\"]",
      "instances": [
        {
          "schema_version": 1,
          "attributes": {
            "access_config": [
              {
                "authentication_mode": "CONFIG_MAP",
                "bootstrap_cluster_creator_admin_permissions": true
              }
            ],
            "arn": "arn:aws:eks:us-east-1:077878370245:cluster/neural-hive-dev",
            "bootstrap_self_managed_addons": true,
            "certificate_authority": [
              {
                "data": "LS0tLS1CRUdJTiBDRVJUSUZJQ0FURS0tLS0tCk1JSURCVENDQWUyZ0F3SUJBZ0lJRFpNSVMvOGlxSHd3RFFZSktvWklodmNOQVFFTEJRQXdGVEVUTUJFR0ExVUUKQXhNS2EzVmlaWEp1WlhSbGN6QWVGdzB5TlRFeE1UTXhORFV3TVRaYUZ3MHpOVEV4TVRFeE5EVTFNVFphTUJVeApFekFSQmdOVkJBTVRDbXQxWW1WeWJtVjBaWE13Z2dFaU1BMEdDU3FHU0liM0RRRUJBUVVBQTRJQkR3QXdnZ0VLCkFvSUJBUURmQ1phQTBzM3Qwb0YybWFKWE1RTHB5NUkzZDlXbzFWU25NMm5zTlhpazVSMU1VVU8xWHV5ZXA2RjMKOXZKR1FVcTcvd0ZVYVFYYy96MnNTQS9IOWh5VnNwL0tzSlJ4TDBPMjFUYlhpLzIxaHBBT05KdlRGK3M3ZlhPMQpCbC9DdE5ZWDVtcXdYRFRrcklxdkZ2ZkZkSG5BU2NmSmpXUDgyOVV1ZUw2bVk5bDRzVXdxMDE1dlRudkdFbnk5CmczM1U1OTR5cnBCL1VCMk51VnBiRTc2WE5TU2hNQmhnSnBrL3R3dU9JZ2gzRXRRSWFjVDg2L0p5QWVOZjJ4MWYKK3hXVDUyblB0R0RsSDlpYno0V1hBcWliYTM4c0FpTi9rYjV4SnIrK2hvTG1wSElLMDdEU3YrQUJud3kyS2NFOQptS1dPUU9rU0lFdXR2YzFiV25sUnZQSDhvOXB6QWdNQkFBR2pXVEJYTUE0R0ExVWREd0VCL3dRRUF3SUNwREFQCkJnTlZIUk1CQWY4RUJUQURBUUgvTUIwR0ExVWREZ1FXQkJTUTZDUm5TZkZDekxRZU03ZHpoOHJwQ2NlM25qQVYKQmdOVkhSRUVEakFNZ2dwcmRXSmxjbTVsZEdWek1BMEdDU3FHU0liM0RRRUJDd1VBQTRJQkFRQmlFTGh6dUNmaQpaTGhhOU9nMUF6SEJvRFBsNlc5ekk1YnlsemRoYk1yMjVlWXJoOGdvemlUNDFRVmtyY0poL0t1TWV1cFc5L3BrCnA3cFl6ODF1TmxmV01yblNDRVRhNy9TamZCOWtMTHN3SksyWjZqcnRWL29YRHNtNGpMTDVFN0g2aXdtanhGRHQKMzMzc3ZtNmlDcUc5dFpRYjBTRXovZjNlNklYYncrampwcURTOGRtQUFNRmRVSEpKZHBZRHB0ZFFvODBoSUNWQwpBalVxNnd2b29xUFpMR0VOTnpWS1FzSjBxbzdLcS8xaldDclZIRy92bmFXM3p2Yml5LzlPMjhYa2ZONzI0eFFMCkNmcnBtMnZUdjRSNSt0NGNWWndaWjF5clMvQ245SXExWEppcVRCMjRNeStnOTNHaWZwaEUzUlN4SExsWWNYRTIKb1FuakhuUE1kM2Z1Ci0tLS0tRU5EIENFUlRJRklDQVRFLS0tLS0K"
              }
            ],
            "cluster_id": null,
            "compute_config": [],
            "created_at": "2025-11-13T14:49:27Z",
            "enabled_cluster_log_types": [
              "api",
              "audit",
              "authenticator"
            ],
            "encryption_config": [],
            "endpoint": "https://B8F91341A342C05B43B8A8834C3EF696.gr7.us-east-1.eks.amazonaws.com",
            "force_update_version": null,
            "id": "neural-hive-dev",
            "identity": [
              {
                "oidc": [
                  {
                    "issuer": "https://oidc.eks.us-east-1.amazonaws.com/id/B8F91341A342C05B43B8A8834C3EF696"
                  }
                ]
              }
            ],
            "kubernetes_network_config": [
              {
                "elastic_load_balancing": [
                  {
                    "enabled": false
                  }
                ],
                "ip_family": "ipv4",
                "service_ipv4_cidr": "172.20.0.0/16",
                "service_ipv6_cidr": ""
              }
            ],
            "name": "neural-hive-dev",
            "outpost_config": [],
            "platform_version": "eks.61",
            "remote_network_config": [],
            "role_arn": "arn:aws:iam::077878370245:role/neural-hive-dev-cluster-role",
            "status": "ACTIVE",
            "storage_config": [],
            "tags": {
              "Name": "neural-hive-dev"
            },
            "tags_all": {
              "Environment": "dev",
              "ManagedBy": "terraform",
              "Name": "neural-hive-dev",
              "Project": "neural-hive-mind"
            },
            "timeouts": null,
            "upgrade_policy": [
              {
                "support_type": "EXTENDED"
              }
            ],
            "version": "1.28",
            "vpc_config": [
              {
                "cluster_security_group_id": "sg-04546be1ad7e9d477",
                "endpoint_private_access": true,
                "endpoint_public_access": true,
                "public_access_cidrs": [
                  "0.0.0.0/0"
                ],
                "security_group_ids": [
                  "sg-0547df8c4041ddb61"
                ],
                "subnet_ids": [
                  "subnet-0003624587ea5a5a3",
                  "subnet-0468075e9e502840f",
                  "subnet-07273bfdac2e6c790",
                  "subnet-0a115911acb8235d3",
                  "subnet-0cc25a70ae288330f",
                  "subnet-0d53d8ad36e2aa3fc"
                ],
                "vpc_id": "vpc-0ed790c76ad3bccb0"
              }
            ],
            "zonal_shift_config": []
          },
          "sensitive_attributes": [],
          "private": "eyJlMmJmYjczMC1lY2FhLTExZTYtOGY4OC0zNDM2M2JjN2M0YzAiOnsiY3JlYXRlIjoxODAwMDAwMDAwMDAwLCJkZWxldGUiOjkwMDAwMDAwMDAwMCwidXBkYXRlIjozNjAwMDAwMDAwMDAwfSwic2NoZW1hX3ZlcnNpb24iOiIxIn0=",
          "dependencies": [
            "aws_iam_role.eks_cluster",
            "aws_iam_role_policy_attachment.eks_cluster_policy",
            "aws_iam_role_policy_attachment.eks_vpc_resource_controller",
            "aws_security_group.eks_cluster",
            "aws_subnet.private",
            "aws_subnet.public",
            "aws_vpc.main",
            "data.aws_availability_zones.available"
          ]
        }
      ]
    },
    {
      "mode": "managed",
      "type": "aws_eks_node_group",
      "name": "main",
      "provider": "provider[\"registry.terraform.io/hashicorp/aws\"]",
      "instances": [
        {
          "schema_version": 0,
          "attributes": {
            "ami_type": "AL2_x86_64",
            "arn": "arn:aws:eks:us-east-1:077878370245:nodegroup/neural-hive-dev/neural-hive-dev-node-group/1acd3f89-49fe-21cb-a619-203d8d7dd506",
            "capacity_type": "ON_DEMAND",
            "cluster_name": "neural-hive-dev",
            "disk_size": 20,
            "force_update_version": null,
            "id": "neural-hive-dev:neural-hive-dev-node-group",
            "instance_types": [
              "t3.micro"
            ],
            "labels": null,
            "launch_template": [],
            "node_group_name": "neural-hive-dev-node-group",
            "node_group_name_prefix": "",
            "node_repair_config": [],
            "node_role_arn": "arn:aws:iam::077878370245:role/neural-hive-dev-node-role",
            "release_version": "1.28.15-20251108",
            "remote_access": [],
            "resources": [
              {
                "autoscaling_groups": [
                  {
                    "name": "eks-neural-hive-dev-node-group-1acd3f89-49fe-21cb-a619-203d8d7dd506"
                  }
                ],
                "remote_access_security_group_id": ""
              }
            ],
            "scaling_config": [
              {
                "desired_size": 3,
                "max_size": 6,
                "min_size": 1
              }
            ],
            "status": "ACTIVE",
            "subnet_ids": [
              "subnet-0003624587ea5a5a3",
              "subnet-0cc25a70ae288330f",
              "subnet-0d53d8ad36e2aa3fc"
            ],
            "tags": {
              "Name": "neural-hive-dev-node-group"
            },
            "tags_all": {
              "Environment": "dev",
              "ManagedBy": "terraform",
              "Name": "neural-hive-dev-node-group",
              "Project": "neural-hive-mind"
            },
            "taint": [],
            "timeouts": null,
            "update_config": [
              {
                "max_unavailable": 1,
                "max_unavailable_percentage": 0
              }
            ],
            "version": "1.28"
          },
          "sensitive_attributes": [],
          "private": "eyJlMmJmYjczMC1lY2FhLTExZTYtOGY4OC0zNDM2M2JjN2M0YzAiOnsiY3JlYXRlIjozNjAwMDAwMDAwMDAwLCJkZWxldGUiOjM2MDAwMDAwMDAwMDAsInVwZGF0ZSI6MzYwMDAwMDAwMDAwMH19",
          "dependencies": [
            "aws_eks_cluster.main",
            "aws_iam_role.eks_cluster",
            "aws_iam_role.eks_nodes",
            "aws_iam_role_policy_attachment.eks_cluster_policy",
            "aws_iam_role_policy_attachment.eks_cni_policy",
            "aws_iam_role_policy_attachment.eks_container_registry_policy",
            "aws_iam_role_policy_attachment.eks_vpc_resource_controller",
            "aws_iam_role_policy_attachment.eks_worker_node_policy",
            "aws_security_group.eks_cluster",
            "aws_subnet.private",
            "aws_subnet.public",
            "aws_vpc.main",
            "data.aws_availability_zones.available"
          ]
        }
      ]
    },
    {
      "mode": "managed",
      "type": "aws_iam_role",
      "name": "eks_cluster",
      "provider": "provider[\"registry.terraform.io/hashicorp/aws\"]",
      "instances": [
        {
          "schema_version": 0,
          "attributes": {
            "arn": "arn:aws:iam::077878370245:role/neural-hive-dev-cluster-role",
            "assume_role_policy": "{\"Statement\":[{\"Action\":\"sts:AssumeRole\",\"Effect\":\"Allow\",\"Principal\":{\"Service\":\"eks.amazonaws.com\"}}],\"Version\":\"2012-10-17\"}",
            "create_date": "2025-11-13T14:49:01Z",
            "description": "",
            "force_detach_policies": false,
            "id": "neural-hive-dev-cluster-role",
            "inline_policy": [],
            "managed_policy_arns": [
              "arn:aws:iam::aws:policy/AmazonEKSClusterPolicy",
              "arn:aws:iam::aws:policy/AmazonEKSVPCResourceController"
            ],
            "max_session_duration": 3600,
            "name": "neural-hive-dev-cluster-role",
            "name_prefix": "",
            "path": "/",
            "permissions_boundary": "",
            "tags": {},
            "tags_all": {
              "Environment": "dev",
              "ManagedBy": "terraform",
              "Project": "neural-hive-mind"
            },
            "unique_id": "AROAREIPJT7C7Z3DSLLCN"
          },
          "sensitive_attributes": [],
          "private": "bnVsbA=="
        }
      ]
    },
    {
      "mode": "managed",
      "type": "aws_iam_role",
      "name": "eks_nodes",
      "provider": "provider[\"registry.terraform.io/hashicorp/aws\"]",
      "instances": [
        {
          "schema_version": 0,
          "attributes": {
            "arn": "arn:aws:iam::077878370245:role/neural-hive-dev-node-role",
            "assume_role_policy": "{\"Statement\":[{\"Action\":\"sts:AssumeRole\",\"Effect\":\"Allow\",\"Principal\":{\"Service\":\"ec2.amazonaws.com\"}}],\"Version\":\"2012-10-17\"}",
            "create_date": "2025-11-13T14:49:01Z",
            "description": "",
            "force_detach_policies": false,
            "id": "neural-hive-dev-node-role",
            "inline_policy": [],
            "managed_policy_arns": [
              "arn:aws:iam::aws:policy/AmazonEC2ContainerRegistryReadOnly",
              "arn:aws:iam::aws:policy/AmazonEKSWorkerNodePolicy",
              "arn:aws:iam::aws:policy/AmazonEKS_CNI_Policy"
            ],
            "max_session_duration": 3600,
            "name": "neural-hive-dev-node-role",
            "name_prefix": "",
            "path": "/",
            "permissions_boundary": "",
            "tags": {},
            "tags_all": {
              "Environment": "dev",
              "ManagedBy": "terraform",
              "Project": "neural-hive-mind"
            },
            "unique_id": "AROAREIPJT7CUPYV6R5FQ"
          },
          "sensitive_attributes": [],
          "private": "bnVsbA=="
        }
      ]
    },
    {
      "mode": "managed",
      "type": "aws_iam_role_policy_attachment",
      "name": "eks_cluster_policy",
      "provider": "provider[\"registry.terraform.io/hashicorp/aws\"]",
      "instances": [
        {
          "schema_version": 0,
          "attributes": {
            "id": "neural-hive-dev-cluster-role-20251113144902129000000005",
            "policy_arn": "arn:aws:iam::aws:policy/AmazonEKSClusterPolicy",
            "role": "neural-hive-dev-cluster-role"
          },
          "sensitive_attributes": [],
          "private": "bnVsbA==",
          "dependencies": [
            "aws_iam_role.eks_cluster"
          ]
        }
      ]
    },
    {
      "mode": "managed",
      "type": "aws_iam_role_policy_attachment",
      "name": "eks_cni_policy",
      "provider": "provider[\"registry.terraform.io/hashicorp/aws\"]",
      "instances": [
        {
          "schema_version": 0,
          "attributes": {
            "id": "neural-hive-dev-node-role-20251113144901850400000002",
            "policy_arn": "arn:aws:iam::aws:policy/AmazonEKS_CNI_Policy",
            "role": "neural-hive-dev-node-role"
          },
          "sensitive_attributes": [],
          "private": "bnVsbA==",
          "dependencies": [
            "aws_iam_role.eks_nodes"
          ]
        }
      ]
    },
    {
      "mode": "managed",
      "type": "aws_iam_role_policy_attachment",
      "name": "eks_container_registry_policy",
      "provider": "provider[\"registry.terraform.io/hashicorp/aws\"]",
      "instances": [
        {
          "schema_version": 0,
          "attributes": {
            "id": "neural-hive-dev-node-role-20251113144902031400000004",
            "policy_arn": "arn:aws:iam::aws:policy/AmazonEC2ContainerRegistryReadOnly",
            "role": "neural-hive-dev-node-role"
          },
          "sensitive_attributes": [],
          "private": "bnVsbA==",
          "dependencies": [
            "aws_iam_role.eks_nodes"
          ]
        }
      ]
    },
    {
      "mode": "managed",
      "type": "aws_iam_role_policy_attachment",
      "name": "eks_vpc_resource_controller",
      "provider": "provider[\"registry.terraform.io/hashicorp/aws\"]",
      "instances": [
        {
          "schema_version": 0,
          "attributes": {
            "id": "neural-hive-dev-cluster-role-20251113144902022400000003",
            "policy_arn": "arn:aws:iam::aws:policy/AmazonEKSVPCResourceController",
            "role": "neural-hive-dev-cluster-role"
          },
          "sensitive_attributes": [],
          "private": "bnVsbA==",
          "dependencies": [
            "aws_iam_role.eks_cluster"
          ]
        }
      ]
    },
    {
      "mode": "managed",
      "type": "aws_iam_role_policy_attachment",
      "name": "eks_worker_node_policy",
      "provider": "provider[\"registry.terraform.io/hashicorp/aws\"]",
      "instances": [
        {
          "schema_version": 0,
          "attributes": {
            "id": "neural-hive-dev-node-role-20251113144901809400000001",
            "policy_arn": "arn:aws:iam::aws:policy/AmazonEKSWorkerNodePolicy",
            "role": "neural-hive-dev-node-role"
          },
          "sensitive_attributes": [],
          "private": "bnVsbA==",
          "dependencies": [
            "aws_iam_role.eks_nodes"
          ]
        }
      ]
    },
    {
      "mode": "managed",
      "type": "aws_internet_gateway",
      "name": "main",
      "provider": "provider[\"registry.terraform.io/hashicorp/aws\"]",
      "instances": [
        {
          "schema_version": 0,
          "attributes": {
            "arn": "arn:aws:ec2:us-east-1:077878370245:internet-gateway/igw-073c8f7e29b42cccd",
            "id": "igw-073c8f7e29b42cccd",
            "owner_id": "077878370245",
            "tags": {
              "Name": "neural-hive-dev-igw"
            },
            "tags_all": {
              "Environment": "dev",
              "ManagedBy": "terraform",
              "Name": "neural-hive-dev-igw",
              "Project": "neural-hive-mind"
            },
            "timeouts": null,
            "vpc_id": "vpc-0ed790c76ad3bccb0"
          },
          "sensitive_attributes": [],
          "private": "eyJlMmJmYjczMC1lY2FhLTExZTYtOGY4OC0zNDM2M2JjN2M0YzAiOnsiY3JlYXRlIjoxMjAwMDAwMDAwMDAwLCJkZWxldGUiOjEyMDAwMDAwMDAwMDAsInVwZGF0ZSI6MTIwMDAwMDAwMDAwMH19",
          "dependencies": [
            "aws_vpc.main"
          ]
        }
      ]
    },
    {
      "mode": "managed",
      "type": "aws_nat_gateway",
      "name": "main",
      "provider": "provider[\"registry.terraform.io/hashicorp/aws\"]",
      "instances": [
        {
          "index_key": 0,
          "schema_version": 0,
          "attributes": {
            "allocation_id": "eipalloc-0dd793e47a750e913",
            "association_id": "eipassoc-05c4ce8128e164d98",
            "connectivity_type": "public",
            "id": "nat-0714e138d6148c287",
            "network_interface_id": "eni-07d1b41971c5a7050",
            "private_ip": "10.0.0.122",
            "public_ip": "98.95.247.93",
            "secondary_allocation_ids": [],
            "secondary_private_ip_address_count": 0,
            "secondary_private_ip_addresses": [],
            "subnet_id": "subnet-0a115911acb8235d3",
            "tags": {
              "Name": "neural-hive-dev-nat-1"
            },
            "tags_all": {
              "Environment": "dev",
              "ManagedBy": "terraform",
              "Name": "neural-hive-dev-nat-1",
              "Project": "neural-hive-mind"
            },
            "timeouts": null
          },
          "sensitive_attributes": [],
          "private": "eyJlMmJmYjczMC1lY2FhLTExZTYtOGY4OC0zNDM2M2JjN2M0YzAiOnsiY3JlYXRlIjo2MDAwMDAwMDAwMDAsImRlbGV0ZSI6MTgwMDAwMDAwMDAwMCwidXBkYXRlIjo2MDAwMDAwMDAwMDB9fQ==",
          "dependencies": [
            "aws_eip.nat",
            "aws_internet_gateway.main",
            "aws_subnet.public",
            "aws_vpc.main",
            "data.aws_availability_zones.available"
          ]
        },
        {
          "index_key": 1,
          "schema_version": 0,
          "attributes": {
            "allocation_id": "eipalloc-0ce6920fe5f3116c1",
            "association_id": "eipassoc-052ab224bb9d5434f",
            "connectivity_type": "public",
            "id": "nat-02c921306ca3127be",
            "network_interface_id": "eni-04d985ec66fdc2f2a",
            "private_ip": "10.0.1.107",
            "public_ip": "98.95.114.237",
            "secondary_allocation_ids": [],
            "secondary_private_ip_address_count": 0,
            "secondary_private_ip_addresses": [],
            "subnet_id": "subnet-0468075e9e502840f",
            "tags": {
              "Name": "neural-hive-dev-nat-2"
            },
            "tags_all": {
              "Environment": "dev",
              "ManagedBy": "terraform",
              "Name": "neural-hive-dev-nat-2",
              "Project": "neural-hive-mind"
            },
            "timeouts": null
          },
          "sensitive_attributes": [],
          "private": "eyJlMmJmYjczMC1lY2FhLTExZTYtOGY4OC0zNDM2M2JjN2M0YzAiOnsiY3JlYXRlIjo2MDAwMDAwMDAwMDAsImRlbGV0ZSI6MTgwMDAwMDAwMDAwMCwidXBkYXRlIjo2MDAwMDAwMDAwMDB9fQ==",
          "dependencies": [
            "aws_eip.nat",
            "aws_internet_gateway.main",
            "aws_subnet.public",
            "aws_vpc.main",
            "data.aws_availability_zones.available"
          ]
        },
        {
          "index_key": 2,
          "schema_version": 0,
          "attributes": {
            "allocation_id": "eipalloc-012891b90b74ffb0c",
            "association_id": "eipassoc-0d4f1a8801ee33458",
            "connectivity_type": "public",
            "id": "nat-0bb5f22619381ac90",
            "network_interface_id": "eni-034e853ca105519f2",
            "private_ip": "10.0.2.217",
            "public_ip": "98.84.204.145",
            "secondary_allocation_ids": [],
            "secondary_private_ip_address_count": 0,
            "secondary_private_ip_addresses": [],
            "subnet_id": "subnet-07273bfdac2e6c790",
            "tags": {
              "Name": "neural-hive-dev-nat-3"
            },
            "tags_all": {
              "Environment": "dev",
              "ManagedBy": "terraform",
              "Name": "neural-hive-dev-nat-3",
              "Project": "neural-hive-mind"
            },
            "timeouts": null
          },
          "sensitive_attributes": [],
          "private": "eyJlMmJmYjczMC1lY2FhLTExZTYtOGY4OC0zNDM2M2JjN2M0YzAiOnsiY3JlYXRlIjo2MDAwMDAwMDAwMDAsImRlbGV0ZSI6MTgwMDAwMDAwMDAwMCwidXBkYXRlIjo2MDAwMDAwMDAwMDB9fQ==",
          "dependencies": [
            "aws_eip.nat",
            "aws_internet_gateway.main",
            "aws_subnet.public",
            "aws_vpc.main",
            "data.aws_availability_zones.available"
          ]
        }
      ]
    },
    {
      "mode": "managed",
      "type": "aws_route_table",
      "name": "private",
      "provider": "provider[\"registry.terraform.io/hashicorp/aws\"]",
      "instances": [
        {
          "index_key": 0,
          "schema_version": 0,
          "attributes": {
            "arn": "arn:aws:ec2:us-east-1:077878370245:route-table/rtb-03e18f29ddf199144",
            "id": "rtb-03e18f29ddf199144",
            "owner_id": "077878370245",
            "propagating_vgws": [],
            "route": [
              {
                "carrier_gateway_id": "",
                "cidr_block": "0.0.0.0/0",
                "core_network_arn": "",
                "destination_prefix_list_id": "",
                "egress_only_gateway_id": "",
                "gateway_id": "",
                "ipv6_cidr_block": "",
                "local_gateway_id": "",
                "nat_gateway_id": "nat-0714e138d6148c287",
                "network_interface_id": "",
                "transit_gateway_id": "",
                "vpc_endpoint_id": "",
                "vpc_peering_connection_id": ""
              }
            ],
            "tags": {
              "Name": "neural-hive-dev-private-rt-1"
            },
            "tags_all": {
              "Environment": "dev",
              "ManagedBy": "terraform",
              "Name": "neural-hive-dev-private-rt-1",
              "Project": "neural-hive-mind"
            },
            "timeouts": null,
            "vpc_id": "vpc-0ed790c76ad3bccb0"
          },
          "sensitive_attributes": [],
          "private": "eyJlMmJmYjczMC1lY2FhLTExZTYtOGY4OC0zNDM2M2JjN2M0YzAiOnsiY3JlYXRlIjozMDAwMDAwMDAwMDAsImRlbGV0ZSI6MzAwMDAwMDAwMDAwLCJ1cGRhdGUiOjEyMDAwMDAwMDAwMH19",
          "dependencies": [
            "aws_eip.nat",
            "aws_internet_gateway.main",
            "aws_nat_gateway.main",
            "aws_subnet.public",
            "aws_vpc.main",
            "data.aws_availability_zones.available"
          ]
        },
        {
          "index_key": 1,
          "schema_version": 0,
          "attributes": {
            "arn": "arn:aws:ec2:us-east-1:077878370245:route-table/rtb-08ae1a8981213a4ec",
            "id": "rtb-08ae1a8981213a4ec",
            "owner_id": "077878370245",
            "propagating_vgws": [],
            "route": [
              {
                "carrier_gateway_id": "",
                "cidr_block": "0.0.0.0/0",
                "core_network_arn": "",
                "destination_prefix_list_id": "",
                "egress_only_gateway_id": "",
                "gateway_id": "",
                "ipv6_cidr_block": "",
                "local_gateway_id": "",
                "nat_gateway_id": "nat-02c921306ca3127be",
                "network_interface_id": "",
                "transit_gateway_id": "",
                "vpc_endpoint_id": "",
                "vpc_peering_connection_id": ""
              }
            ],
            "tags": {
              "Name": "neural-hive-dev-private-rt-2"
            },
            "tags_all": {
              "Environment": "dev",
              "ManagedBy": "terraform",
              "Name": "neural-hive-dev-private-rt-2",
              "Project": "neural-hive-mind"
            },
            "timeouts": null,
            "vpc_id": "vpc-0ed790c76ad3bccb0"
          },
          "sensitive_attributes": [],
          "private": "eyJlMmJmYjczMC1lY2FhLTExZTYtOGY4OC0zNDM2M2JjN2M0YzAiOnsiY3JlYXRlIjozMDAwMDAwMDAwMDAsImRlbGV0ZSI6MzAwMDAwMDAwMDAwLCJ1cGRhdGUiOjEyMDAwMDAwMDAwMH19",
          "dependencies": [
            "aws_eip.nat",
            "aws_internet_gateway.main",
            "aws_nat_gateway.main",
            "aws_subnet.public",
            "aws_vpc.main",
            "data.aws_availability_zones.available"
          ]
        },
        {
          "index_key": 2,
          "schema_version": 0,
          "attributes": {
            "arn": "arn:aws:ec2:us-east-1:077878370245:route-table/rtb-08839525baac8aaef",
            "id": "rtb-08839525baac8aaef",
            "owner_id": "077878370245",
            "propagating_vgws": [],
            "route": [
              {
                "carrier_gateway_id": "",
                "cidr_block": "0.0.0.0/0",
                "core_network_arn": "",
                "destination_prefix_list_id": "",
                "egress_only_gateway_id": "",
                "gateway_id": "",
                "ipv6_cidr_block": "",
                "local_gateway_id": "",
                "nat_gateway_id": "nat-0bb5f22619381ac90",
                "network_interface_id": "",
                "transit_gateway_id": "",
                "vpc_endpoint_id": "",
                "vpc_peering_connection_id": ""
              }
            ],
            "tags": {
              "Name": "neural-hive-dev-private-rt-3"
            },
            "tags_all": {
              "Environment": "dev",
              "ManagedBy": "terraform",
              "Name": "neural-hive-dev-private-rt-3",
              "Project": "neural-hive-mind"
            },
            "timeouts": null,
            "vpc_id": "vpc-0ed790c76ad3bccb0"
          },
          "sensitive_attributes": [],
          "private": "eyJlMmJmYjczMC1lY2FhLTExZTYtOGY4OC0zNDM2M2JjN2M0YzAiOnsiY3JlYXRlIjozMDAwMDAwMDAwMDAsImRlbGV0ZSI6MzAwMDAwMDAwMDAwLCJ1cGRhdGUiOjEyMDAwMDAwMDAwMH19",
          "dependencies": [
            "aws_eip.nat",
            "aws_internet_gateway.main",
            "aws_nat_gateway.main",
            "aws_subnet.public",
            "aws_vpc.main",
            "data.aws_availability_zones.available"
          ]
        }
      ]
    },
    {
      "mode": "managed",
      "type": "aws_route_table",
      "name": "public",
      "provider": "provider[\"registry.terraform.io/hashicorp/aws\"]",
      "instances": [
        {
          "schema_version": 0,
          "attributes": {
            "arn": "arn:aws:ec2:us-east-1:077878370245:route-table/rtb-00df18028544e7e3e",
            "id": "rtb-00df18028544e7e3e",
            "owner_id": "077878370245",
            "propagating_vgws": [],
            "route": [
              {
                "carrier_gateway_id": "",
                "cidr_block": "0.0.0.0/0",
                "core_network_arn": "",
                "destination_prefix_list_id": "",
                "egress_only_gateway_id": "",
                "gateway_id": "igw-073c8f7e29b42cccd",
                "ipv6_cidr_block": "",
                "local_gateway_id": "",
                "nat_gateway_id": "",
                "network_interface_id": "",
                "transit_gateway_id": "",
                "vpc_endpoint_id": "",
                "vpc_peering_connection_id": ""
              }
            ],
            "tags": {
              "Name": "neural-hive-dev-public-rt"
            },
            "tags_all": {
              "Environment": "dev",
              "ManagedBy": "terraform",
              "Name": "neural-hive-dev-public-rt",
              "Project": "neural-hive-mind"
            },
            "timeouts": null,
            "vpc_id": "vpc-0ed790c76ad3bccb0"
          },
          "sensitive_attributes": [],
          "private": "eyJlMmJmYjczMC1lY2FhLTExZTYtOGY4OC0zNDM2M2JjN2M0YzAiOnsiY3JlYXRlIjozMDAwMDAwMDAwMDAsImRlbGV0ZSI6MzAwMDAwMDAwMDAwLCJ1cGRhdGUiOjEyMDAwMDAwMDAwMH19",
          "dependencies": [
            "aws_internet_gateway.main",
            "aws_vpc.main"
          ]
        }
      ]
    },
    {
      "mode": "managed",
      "type": "aws_route_table_association",
      "name": "private",
      "provider": "provider[\"registry.terraform.io/hashicorp/aws\"]",
      "instances": [
        {
          "index_key": 0,
          "schema_version": 0,
          "attributes": {
            "gateway_id": "",
            "id": "rtbassoc-01965b2e8a439a281",
            "route_table_id": "rtb-03e18f29ddf199144",
            "subnet_id": "subnet-0003624587ea5a5a3",
            "timeouts": null
          },
          "sensitive_attributes": [],
          "private": "eyJlMmJmYjczMC1lY2FhLTExZTYtOGY4OC0zNDM2M2JjN2M0YzAiOnsiY3JlYXRlIjozMDAwMDAwMDAwMDAsImRlbGV0ZSI6MzAwMDAwMDAwMDAwLCJ1cGRhdGUiOjEyMDAwMDAwMDAwMH19",
          "dependencies": [
            "aws_eip.nat",
            "aws_internet_gateway.main",
            "aws_nat_gateway.main",
            "aws_route_table.private",
            "aws_subnet.private",
            "aws_subnet.public",
            "aws_vpc.main",
            "data.aws_availability_zones.available"
          ]
        },
        {
          "index_key": 1,
          "schema_version": 0,
          "attributes": {
            "gateway_id": "",
            "id": "rtbassoc-0adb30308c107d47f",
            "route_table_id": "rtb-08ae1a8981213a4ec",
            "subnet_id": "subnet-0cc25a70ae288330f",
            "timeouts": null
          },
          "sensitive_attributes": [],
          "private": "eyJlMmJmYjczMC1lY2FhLTExZTYtOGY4OC0zNDM2M2JjN2M0YzAiOnsiY3JlYXRlIjozMDAwMDAwMDAwMDAsImRlbGV0ZSI6MzAwMDAwMDAwMDAwLCJ1cGRhdGUiOjEyMDAwMDAwMDAwMH19",
          "dependencies": [
            "aws_eip.nat",
            "aws_internet_gateway.main",
            "aws_nat_gateway.main",
            "aws_route_table.private",
            "aws_subnet.private",
            "aws_subnet.public",
            "aws_vpc.main",
            "data.aws_availability_zones.available"
          ]
        },
        {
          "index_key": 2,
          "schema_version": 0,
          "attributes": {
            "gateway_id": "",
            "id": "rtbassoc-0657c5be1823282d4",
            "route_table_id": "rtb-08839525baac8aaef",
            "subnet_id": "subnet-0d53d8ad36e2aa3fc",
            "timeouts": null
          },
          "sensitive_attributes": [],
          "private": "eyJlMmJmYjczMC1lY2FhLTExZTYtOGY4OC0zNDM2M2JjN2M0YzAiOnsiY3JlYXRlIjozMDAwMDAwMDAwMDAsImRlbGV0ZSI6MzAwMDAwMDAwMDAwLCJ1cGRhdGUiOjEyMDAwMDAwMDAwMH19",
          "dependencies": [
            "aws_eip.nat",
            "aws_internet_gateway.main",
            "aws_nat_gateway.main",
            "aws_route_table.private",
            "aws_subnet.private",
            "aws_subnet.public",
            "aws_vpc.main",
            "data.aws_availability_zones.available"
          ]
        }
      ]
    },
    {
      "mode": "managed",
      "type": "aws_route_table_association",
      "name": "public",
      "provider": "provider[\"registry.terraform.io/hashicorp/aws\"]",
      "instances": [
        {
          "index_key": 0,
          "schema_version": 0,
          "attributes": {
            "gateway_id": "",
            "id": "rtbassoc-0c8e0940be9416e5a",
            "route_table_id": "rtb-00df18028544e7e3e",
            "subnet_id": "subnet-0a115911acb8235d3",
            "timeouts": null
          },
          "sensitive_attributes": [],
          "private": "eyJlMmJmYjczMC1lY2FhLTExZTYtOGY4OC0zNDM2M2JjN2M0YzAiOnsiY3JlYXRlIjozMDAwMDAwMDAwMDAsImRlbGV0ZSI6MzAwMDAwMDAwMDAwLCJ1cGRhdGUiOjEyMDAwMDAwMDAwMH19",
          "dependencies": [
            "aws_internet_gateway.main",
            "aws_route_table.public",
            "aws_subnet.public",
            "aws_vpc.main",
            "data.aws_availability_zones.available"
          ]
        },
        {
          "index_key": 1,
          "schema_version": 0,
          "attributes": {
            "gateway_id": "",
            "id": "rtbassoc-006da1d2cc43929d9",
            "route_table_id": "rtb-00df18028544e7e3e",
            "subnet_id": "subnet-0468075e9e502840f",
            "timeouts": null
          },
          "sensitive_attributes": [],
          "private": "eyJlMmJmYjczMC1lY2FhLTExZTYtOGY4OC0zNDM2M2JjN2M0YzAiOnsiY3JlYXRlIjozMDAwMDAwMDAwMDAsImRlbGV0ZSI6MzAwMDAwMDAwMDAwLCJ1cGRhdGUiOjEyMDAwMDAwMDAwMH19",
          "dependencies": [
            "aws_internet_gateway.main",
            "aws_route_table.public",
            "aws_subnet.public",
            "aws_vpc.main",
            "data.aws_availability_zones.available"
          ]
        },
        {
          "index_key": 2,
          "schema_version": 0,
          "attributes": {
            "gateway_id": "",
            "id": "rtbassoc-0bbaac906ef6ef256",
            "route_table_id": "rtb-00df18028544e7e3e",
            "subnet_id": "subnet-07273bfdac2e6c790",
            "timeouts": null
          },
          "sensitive_attributes": [],
          "private": "eyJlMmJmYjczMC1lY2FhLTExZTYtOGY4OC0zNDM2M2JjN2M0YzAiOnsiY3JlYXRlIjozMDAwMDAwMDAwMDAsImRlbGV0ZSI6MzAwMDAwMDAwMDAwLCJ1cGRhdGUiOjEyMDAwMDAwMDAwMH19",
          "dependencies": [
            "aws_internet_gateway.main",
            "aws_route_table.public",
            "aws_subnet.public",
            "aws_vpc.main",
            "data.aws_availability_zones.available"
          ]
        }
      ]
    },
    {
      "mode": "managed",
      "type": "aws_security_group",
      "name": "eks_cluster",
      "provider": "provider[\"registry.terraform.io/hashicorp/aws\"]",
      "instances": [
        {
          "schema_version": 1,
          "attributes": {
            "arn": "arn:aws:ec2:us-east-1:077878370245:security-group/sg-0547df8c4041ddb61",
            "description": "Security group for EKS cluster",
            "egress": [
              {
                "cidr_blocks": [
                  "0.0.0.0/0"
                ],
                "description": "",
                "from_port": 0,
                "ipv6_cidr_blocks": [],
                "prefix_list_ids": [],
                "protocol": "-1",
                "security_groups": [],
                "self": false,
                "to_port": 0
              }
            ],
            "id": "sg-0547df8c4041ddb61",
            "ingress": [],
            "name": "neural-hive-dev-cluster-sg",
            "name_prefix": "",
            "owner_id": "077878370245",
            "revoke_rules_on_delete": false,
            "tags": {
              "Name": "neural-hive-dev-cluster-sg"
            },
            "tags_all": {
              "Environment": "dev",
              "ManagedBy": "terraform",
              "Name": "neural-hive-dev-cluster-sg",
              "Project": "neural-hive-mind"
            },
            "timeouts": null,
            "vpc_id": "vpc-0ed790c76ad3bccb0"
          },
          "sensitive_attributes": [],
          "private": "eyJlMmJmYjczMC1lY2FhLTExZTYtOGY4OC0zNDM2M2JjN2M0YzAiOnsiY3JlYXRlIjo2MDAwMDAwMDAwMDAsImRlbGV0ZSI6OTAwMDAwMDAwMDAwfSwic2NoZW1hX3ZlcnNpb24iOiIxIn0=",
          "dependencies": [
            "aws_vpc.main"
          ]
        }
      ]
    },
    {
      "mode": "managed",
      "type": "aws_subnet",
      "name": "private",
      "provider": "provider[\"registry.terraform.io/hashicorp/aws\"]",
      "instances": [
        {
          "index_key": 0,
          "schema_version": 1,
          "attributes": {
            "arn": "arn:aws:ec2:us-east-1:077878370245:subnet/subnet-0003624587ea5a5a3",
            "assign_ipv6_address_on_creation": false,
            "availability_zone": "us-east-1a",
            "availability_zone_id": "use1-az1",
            "cidr_block": "10.0.10.0/24",
            "customer_owned_ipv4_pool": "",
            "enable_dns64": false,
            "enable_lni_at_device_index": 0,
            "enable_resource_name_dns_a_record_on_launch": false,
            "enable_resource_name_dns_aaaa_record_on_launch": false,
            "id": "subnet-0003624587ea5a5a3",
            "ipv6_cidr_block": "",
            "ipv6_cidr_block_association_id": "",
            "ipv6_native": false,
            "map_customer_owned_ip_on_launch": false,
            "map_public_ip_on_launch": false,
            "outpost_arn": "",
            "owner_id": "077878370245",
            "private_dns_hostname_type_on_launch": "ip-name",
            "tags": {
              "Name": "neural-hive-dev-private-1",
              "kubernetes.io/cluster/neural-hive-dev": "shared",
              "kubernetes.io/role/internal-elb": "1"
            },
            "tags_all": {
              "Environment": "dev",
              "ManagedBy": "terraform",
              "Name": "neural-hive-dev-private-1",
              "Project": "neural-hive-mind",
              "kubernetes.io/cluster/neural-hive-dev": "shared",
              "kubernetes.io/role/internal-elb": "1"
            },
            "timeouts": null,
            "vpc_id": "vpc-0ed790c76ad3bccb0"
          },
          "sensitive_attributes": [],
          "private": "eyJlMmJmYjczMC1lY2FhLTExZTYtOGY4OC0zNDM2M2JjN2M0YzAiOnsiY3JlYXRlIjo2MDAwMDAwMDAwMDAsImRlbGV0ZSI6MTIwMDAwMDAwMDAwMH0sInNjaGVtYV92ZXJzaW9uIjoiMSJ9",
          "dependencies": [
            "aws_vpc.main",
            "data.aws_availability_zones.available"
          ]
        },
        {
          "index_key": 1,
          "schema_version": 1,
          "attributes": {
            "arn": "arn:aws:ec2:us-east-1:077878370245:subnet/subnet-0cc25a70ae288330f",
            "assign_ipv6_address_on_creation": false,
            "availability_zone": "us-east-1b",
            "availability_zone_id": "use1-az2",
            "cidr_block": "10.0.11.0/24",
            "customer_owned_ipv4_pool": "",
            "enable_dns64": false,
            "enable_lni_at_device_index": 0,
            "enable_resource_name_dns_a_record_on_launch": false,
            "enable_resource_name_dns_aaaa_record_on_launch": false,
            "id": "subnet-0cc25a70ae288330f",
            "ipv6_cidr_block": "",
            "ipv6_cidr_block_association_id": "",
            "ipv6_native": false,
            "map_customer_owned_ip_on_launch": false,
            "map_public_ip_on_launch": false,
            "outpost_arn": "",
            "owner_id": "077878370245",
            "private_dns_hostname_type_on_launch": "ip-name",
            "tags": {
              "Name": "neural-hive-dev-private-2",
              "kubernetes.io/cluster/neural-hive-dev": "shared",
              "kubernetes.io/role/internal-elb": "1"
            },
            "tags_all": {
              "Environment": "dev",
              "ManagedBy": "terraform",
              "Name": "neural-hive-dev-private-2",
              "Project": "neural-hive-mind",
              "kubernetes.io/cluster/neural-hive-dev": "shared",
              "kubernetes.io/role/internal-elb": "1"
            },
            "timeouts": null,
            "vpc_id": "vpc-0ed790c76ad3bccb0"
          },
          "sensitive_attributes": [],
          "private": "eyJlMmJmYjczMC1lY2FhLTExZTYtOGY4OC0zNDM2M2JjN2M0YzAiOnsiY3JlYXRlIjo2MDAwMDAwMDAwMDAsImRlbGV0ZSI6MTIwMDAwMDAwMDAwMH0sInNjaGVtYV92ZXJzaW9uIjoiMSJ9",
          "dependencies": [
            "aws_vpc.main",
            "data.aws_availability_zones.available"
          ]
        },
        {
          "index_key": 2,
          "schema_version": 1,
          "attributes": {
            "arn": "arn:aws:ec2:us-east-1:077878370245:subnet/subnet-0d53d8ad36e2aa3fc",
            "assign_ipv6_address_on_creation": false,
            "availability_zone": "us-east-1c",
            "availability_zone_id": "use1-az4",
            "cidr_block": "10.0.12.0/24",
            "customer_owned_ipv4_pool": "",
            "enable_dns64": false,
            "enable_lni_at_device_index": 0,
            "enable_resource_name_dns_a_record_on_launch": false,
            "enable_resource_name_dns_aaaa_record_on_launch": false,
            "id": "subnet-0d53d8ad36e2aa3fc",
            "ipv6_cidr_block": "",
            "ipv6_cidr_block_association_id": "",
            "ipv6_native": false,
            "map_customer_owned_ip_on_launch": false,
            "map_public_ip_on_launch": false,
            "outpost_arn": "",
            "owner_id": "077878370245",
            "private_dns_hostname_type_on_launch": "ip-name",
            "tags": {
              "Name": "neural-hive-dev-private-3",
              "kubernetes.io/cluster/neural-hive-dev": "shared",
              "kubernetes.io/role/internal-elb": "1"
            },
            "tags_all": {
              "Environment": "dev",
              "ManagedBy": "terraform",
              "Name": "neural-hive-dev-private-3",
              "Project": "neural-hive-mind",
              "kubernetes.io/cluster/neural-hive-dev": "shared",
              "kubernetes.io/role/internal-elb": "1"
            },
            "timeouts": null,
            "vpc_id": "vpc-0ed790c76ad3bccb0"
          },
          "sensitive_attributes": [],
          "private": "eyJlMmJmYjczMC1lY2FhLTExZTYtOGY4OC0zNDM2M2JjN2M0YzAiOnsiY3JlYXRlIjo2MDAwMDAwMDAwMDAsImRlbGV0ZSI6MTIwMDAwMDAwMDAwMH0sInNjaGVtYV92ZXJzaW9uIjoiMSJ9",
          "dependencies": [
            "aws_vpc.main",
            "data.aws_availability_zones.available"
          ]
        }
      ]
    },
    {
      "mode": "managed",
      "type": "aws_subnet",
      "name": "public",
      "provider": "provider[\"registry.terraform.io/hashicorp/aws\"]",
      "instances": [
        {
          "index_key": 0,
          "schema_version": 1,
          "attributes": {
            "arn": "arn:aws:ec2:us-east-1:077878370245:subnet/subnet-0a115911acb8235d3",
            "assign_ipv6_address_on_creation": false,
            "availability_zone": "us-east-1a",
            "availability_zone_id": "use1-az1",
            "cidr_block": "10.0.0.0/24",
            "customer_owned_ipv4_pool": "",
            "enable_dns64": false,
            "enable_lni_at_device_index": 0,
            "enable_resource_name_dns_a_record_on_launch": false,
            "enable_resource_name_dns_aaaa_record_on_launch": false,
            "id": "subnet-0a115911acb8235d3",
            "ipv6_cidr_block": "",
            "ipv6_cidr_block_association_id": "",
            "ipv6_native": false,
            "map_customer_owned_ip_on_launch": false,
            "map_public_ip_on_launch": true,
            "outpost_arn": "",
            "owner_id": "077878370245",
            "private_dns_hostname_type_on_launch": "ip-name",
            "tags": {
              "Name": "neural-hive-dev-public-1",
              "kubernetes.io/cluster/neural-hive-dev": "shared",
              "kubernetes.io/role/elb": "1"
            },
            "tags_all": {
              "Environment": "dev",
              "ManagedBy": "terraform",
              "Name": "neural-hive-dev-public-1",
              "Project": "neural-hive-mind",
              "kubernetes.io/cluster/neural-hive-dev": "shared",
              "kubernetes.io/role/elb": "1"
            },
            "timeouts": null,
            "vpc_id": "vpc-0ed790c76ad3bccb0"
          },
          "sensitive_attributes": [],
          "private": "eyJlMmJmYjczMC1lY2FhLTExZTYtOGY4OC0zNDM2M2JjN2M0YzAiOnsiY3JlYXRlIjo2MDAwMDAwMDAwMDAsImRlbGV0ZSI6MTIwMDAwMDAwMDAwMH0sInNjaGVtYV92ZXJzaW9uIjoiMSJ9",
          "dependencies": [
            "aws_vpc.main",
            "data.aws_availability_zones.available"
          ]
        },
        {
          "index_key": 1,
          "schema_version": 1,
          "attributes": {
            "arn": "arn:aws:ec2:us-east-1:077878370245:subnet/subnet-0468075e9e502840f",
            "assign_ipv6_address_on_creation": false,
            "availability_zone": "us-east-1b",
            "availability_zone_id": "use1-az2",
            "cidr_block": "10.0.1.0/24",
            "customer_owned_ipv4_pool": "",
            "enable_dns64": false,
            "enable_lni_at_device_index": 0,
            "enable_resource_name_dns_a_record_on_launch": false,
            "enable_resource_name_dns_aaaa_record_on_launch": false,
            "id": "subnet-0468075e9e502840f",
            "ipv6_cidr_block": "",
            "ipv6_cidr_block_association_id": "",
            "ipv6_native": false,
            "map_customer_owned_ip_on_launch": false,
            "map_public_ip_on_launch": true,
            "outpost_arn": "",
            "owner_id": "077878370245",
            "private_dns_hostname_type_on_launch": "ip-name",
            "tags": {
              "Name": "neural-hive-dev-public-2",
              "kubernetes.io/cluster/neural-hive-dev": "shared",
              "kubernetes.io/role/elb": "1"
            },
            "tags_all": {
              "Environment": "dev",
              "ManagedBy": "terraform",
              "Name": "neural-hive-dev-public-2",
              "Project": "neural-hive-mind",
              "kubernetes.io/cluster/neural-hive-dev": "shared",
              "kubernetes.io/role/elb": "1"
            },
            "timeouts": null,
            "vpc_id": "vpc-0ed790c76ad3bccb0"
          },
          "sensitive_attributes": [],
          "private": "eyJlMmJmYjczMC1lY2FhLTExZTYtOGY4OC0zNDM2M2JjN2M0YzAiOnsiY3JlYXRlIjo2MDAwMDAwMDAwMDAsImRlbGV0ZSI6MTIwMDAwMDAwMDAwMH0sInNjaGVtYV92ZXJzaW9uIjoiMSJ9",
          "dependencies": [
            "aws_vpc.main",
            "data.aws_availability_zones.available"
          ]
        },
        {
          "index_key": 2,
          "schema_version": 1,
          "attributes": {
            "arn": "arn:aws:ec2:us-east-1:077878370245:subnet/subnet-07273bfdac2e6c790",
            "assign_ipv6_address_on_creation": false,
            "availability_zone": "us-east-1c",
            "availability_zone_id": "use1-az4",
            "cidr_block": "10.0.2.0/24",
            "customer_owned_ipv4_pool": "",
            "enable_dns64": false,
            "enable_lni_at_device_index": 0,
            "enable_resource_name_dns_a_record_on_launch": false,
            "enable_resource_name_dns_aaaa_record_on_launch": false,
            "id": "subnet-07273bfdac2e6c790",
            "ipv6_cidr_block": "",
            "ipv6_cidr_block_association_id": "",
            "ipv6_native": false,
            "map_customer_owned_ip_on_launch": false,
            "map_public_ip_on_launch": true,
            "outpost_arn": "",
            "owner_id": "077878370245",
            "private_dns_hostname_type_on_launch": "ip-name",
            "tags": {
              "Name": "neural-hive-dev-public-3",
              "kubernetes.io/cluster/neural-hive-dev": "shared",
              "kubernetes.io/role/elb": "1"
            },
            "tags_all": {
              "Environment": "dev",
              "ManagedBy": "terraform",
              "Name": "neural-hive-dev-public-3",
              "Project": "neural-hive-mind",
              "kubernetes.io/cluster/neural-hive-dev": "shared",
              "kubernetes.io/role/elb": "1"
            },
            "timeouts": null,
            "vpc_id": "vpc-0ed790c76ad3bccb0"
          },
          "sensitive_attributes": [],
          "private": "eyJlMmJmYjczMC1lY2FhLTExZTYtOGY4OC0zNDM2M2JjN2M0YzAiOnsiY3JlYXRlIjo2MDAwMDAwMDAwMDAsImRlbGV0ZSI6MTIwMDAwMDAwMDAwMH0sInNjaGVtYV92ZXJzaW9uIjoiMSJ9",
          "dependencies": [
            "aws_vpc.main",
            "data.aws_availability_zones.available"
          ]
        }
      ]
    },
    {
      "mode": "managed",
      "type": "aws_vpc",
      "name": "main",
      "provider": "provider[\"registry.terraform.io/hashicorp/aws\"]",
      "instances": [
        {
          "schema_version": 1,
          "attributes": {
            "arn": "arn:aws:ec2:us-east-1:077878370245:vpc/vpc-0ed790c76ad3bccb0",
            "assign_generated_ipv6_cidr_block": false,
            "cidr_block": "10.0.0.0/16",
            "default_network_acl_id": "acl-0df4891a9d175d407",
            "default_route_table_id": "rtb-068aba73b30aa7c27",
            "default_security_group_id": "sg-00569f27cf55a81b4",
            "dhcp_options_id": "dopt-01df89f6db8620fc7",
            "enable_dns_hostnames": true,
            "enable_dns_support": true,
            "enable_network_address_usage_metrics": false,
            "id": "vpc-0ed790c76ad3bccb0",
            "instance_tenancy": "default",
            "ipv4_ipam_pool_id": null,
            "ipv4_netmask_length": null,
            "ipv6_association_id": "",
            "ipv6_cidr_block": "",
            "ipv6_cidr_block_network_border_group": "",
            "ipv6_ipam_pool_id": "",
            "ipv6_netmask_length": 0,
            "main_route_table_id": "rtb-068aba73b30aa7c27",
            "owner_id": "077878370245",
            "tags": {
              "Name": "neural-hive-dev-vpc",
              "kubernetes.io/cluster/neural-hive-dev": "shared"
            },
            "tags_all": {
              "Environment": "dev",
              "ManagedBy": "terraform",
              "Name": "neural-hive-dev-vpc",
              "Project": "neural-hive-mind",
              "kubernetes.io/cluster/neural-hive-dev": "shared"
            }
          },
          "sensitive_attributes": [],
          "private": "eyJzY2hlbWFfdmVyc2lvbiI6IjEifQ=="
        }
      ]
    }
  ],
  "check_results": null
}
